
Microsoft Visual Studio Solution File, Format Version 12.00
# Visual Studio 15
VisualStudioVersion = 15.0.28307.168
MinimumVisualStudioVersion = 10.0.40219.1
Project("{FAE04EC0-301F-11D3-BF4B-00C04F79EFBC}") = "Signa.OvaDesova.Api", "Signa.OvaDesova.Api\Signa.OvaDesova.Api.csproj", "{64E17C7C-F6E6-4056-B862-5FFE3271D5B5}"
EndProject
Global
	GlobalSection(SolutionConfigurationPlatforms) = preSolution
		Debug|Any CPU = Debug|Any CPU
		Release|Any CPU = Release|Any CPU
	EndGlobalSection
	GlobalSection(ProjectConfigurationPlatforms) = postSolution
		{64E17C7C-F6E6-4056-B862-5FFE3271D5B5}.Debug|Any CPU.ActiveCfg = Debug|Any CPU
		{64E17C7C-F6E6-4056-B862-5FFE3271D5B5}.Debug|Any CPU.Build.0 = Debug|Any CPU
		{64E17C7C-F6E6-4056-B862-5FFE3271D5B5}.Release|Any CPU.ActiveCfg = Release|Any CPU
		{64E17C7C-F6E6-4056-B862-5FFE3271D5B5}.Release|Any CPU.Build.0 = Release|Any CPU
	EndGlobalSection
	GlobalSection(SolutionProperties) = preSolution
		HideSolutionNode = FALSE
	EndGlobalSection
	GlobalSection(ExtensibilityGlobals) = postSolution
		SolutionGuid = {3309E085-5167-4AA1-B355-1FCBD58C0693}
	EndGlobalSection
EndGlobal
